// !$*UTF8*$!
{
	archiveVersion = 1;
	classes = {
	};
	objectVersion = 50;
	objects = {

/* Begin PBXBuildFile section */
		C9066D1E2545ADCF00D1A055 /* AppDelegate.swift in Sources */ = {isa = PBXBuildFile; fileRef = C9066D1D2545ADCF00D1A055 /* AppDelegate.swift */; };
		C9066D202545ADCF00D1A055 /* SceneDelegate.swift in Sources */ = {isa = PBXBuildFile; fileRef = C9066D1F2545ADCF00D1A055 /* SceneDelegate.swift */; };
		C9066D222545ADCF00D1A055 /* SearchController.swift in Sources */ = {isa = PBXBuildFile; fileRef = C9066D212545ADCF00D1A055 /* SearchController.swift */; };
		C9066D252545ADCF00D1A055 /* Main.storyboard in Resources */ = {isa = PBXBuildFile; fileRef = C9066D232545ADCF00D1A055 /* Main.storyboard */; };
		C9066D272545ADD000D1A055 /* Assets.xcassets in Resources */ = {isa = PBXBuildFile; fileRef = C9066D262545ADD000D1A055 /* Assets.xcassets */; };
		C9066D2A2545ADD000D1A055 /* LaunchScreen.storyboard in Resources */ = {isa = PBXBuildFile; fileRef = C9066D282545ADD000D1A055 /* LaunchScreen.storyboard */; };
		C9066D352545ADD000D1A055 /* SearchMovTests.swift in Sources */ = {isa = PBXBuildFile; fileRef = C9066D342545ADD000D1A055 /* SearchMovTests.swift */; };
		C9066D402545ADD000D1A055 /* SearchMovUITests.swift in Sources */ = {isa = PBXBuildFile; fileRef = C9066D3F2545ADD000D1A055 /* SearchMovUITests.swift */; };
		C9066D512545B18100D1A055 /* DetailController.swift in Sources */ = {isa = PBXBuildFile; fileRef = C9066D502545B18100D1A055 /* DetailController.swift */; };
		C9066D5F2545B32F00D1A055 /* NetworkManager.swift in Sources */ = {isa = PBXBuildFile; fileRef = C9066D5E2545B32F00D1A055 /* NetworkManager.swift */; };
		C9066D672545B35D00D1A055 /* ResponseModels.swift in Sources */ = {isa = PBXBuildFile; fileRef = C9066D662545B35D00D1A055 /* ResponseModels.swift */; };
		C9066D6F2545B4A400D1A055 /* ConnectionManager.swift in Sources */ = {isa = PBXBuildFile; fileRef = C9066D6E2545B4A400D1A055 /* ConnectionManager.swift */; };
		C9066D752545B78000D1A055 /* Extensions.swift in Sources */ = {isa = PBXBuildFile; fileRef = C9066D742545B78000D1A055 /* Extensions.swift */; };
		C9066D7B2545B7DA00D1A055 /* SearchResultCell.swift in Sources */ = {isa = PBXBuildFile; fileRef = C9066D7A2545B7DA00D1A055 /* SearchResultCell.swift */; };
		C9066D802545B7F800D1A055 /* SearchResultCell.xib in Resources */ = {isa = PBXBuildFile; fileRef = C9066D7F2545B7F800D1A055 /* SearchResultCell.xib */; };
/* End PBXBuildFile section */

/* Begin PBXContainerItemProxy section */
		C9066D312545ADD000D1A055 /* PBXContainerItemProxy */ = {
			isa = PBXContainerItemProxy;
			containerPortal = C9066D122545ADCF00D1A055 /* Project object */;
			proxyType = 1;
			remoteGlobalIDString = C9066D192545ADCF00D1A055;
			remoteInfo = SearchMov;
		};
		C9066D3C2545ADD000D1A055 /* PBXContainerItemProxy */ = {
			isa = PBXContainerItemProxy;
			containerPortal = C9066D122545ADCF00D1A055 /* Project object */;
			proxyType = 1;
			remoteGlobalIDString = C9066D192545ADCF00D1A055;
			remoteInfo = SearchMov;
		};
/* End PBXContainerItemProxy section */

/* Begin PBXFileReference section */
		C9066D1A2545ADCF00D1A055 /* SearchMov.app */ = {isa = PBXFileReference; explicitFileType = wrapper.application; includeInIndex = 0; path = SearchMov.app; sourceTree = BUILT_PRODUCTS_DIR; };
		C9066D1D2545ADCF00D1A055 /* AppDelegate.swift */ = {isa = PBXFileReference; lastKnownFileType = sourcecode.swift; path = AppDelegate.swift; sourceTree = "<group>"; };
		C9066D1F2545ADCF00D1A055 /* SceneDelegate.swift */ = {isa = PBXFileReference; lastKnownFileType = sourcecode.swift; path = SceneDelegate.swift; sourceTree = "<group>"; };
		C9066D212545ADCF00D1A055 /* SearchController.swift */ = {isa = PBXFileReference; lastKnownFileType = sourcecode.swift; path = SearchController.swift; sourceTree = "<group>"; };
		C9066D242545ADCF00D1A055 /* Base */ = {isa = PBXFileReference; lastKnownFileType = file.storyboard; name = Base; path = Base.lproj/Main.storyboard; sourceTree = "<group>"; };
		C9066D262545ADD000D1A055 /* Assets.xcassets */ = {isa = PBXFileReference; lastKnownFileType = folder.assetcatalog; path = Assets.xcassets; sourceTree = "<group>"; };
		C9066D292545ADD000D1A055 /* Base */ = {isa = PBXFileReference; lastKnownFileType = file.storyboard; name = Base; path = Base.lproj/LaunchScreen.storyboard; sourceTree = "<group>"; };
		C9066D2B2545ADD000D1A055 /* Info.plist */ = {isa = PBXFileReference; lastKnownFileType = text.plist.xml; path = Info.plist; sourceTree = "<group>"; };
		C9066D302545ADD000D1A055 /* SearchMovTests.xctest */ = {isa = PBXFileReference; explicitFileType = wrapper.cfbundle; includeInIndex = 0; path = SearchMovTests.xctest; sourceTree = BUILT_PRODUCTS_DIR; };
		C9066D342545ADD000D1A055 /* SearchMovTests.swift */ = {isa = PBXFileReference; lastKnownFileType = sourcecode.swift; path = SearchMovTests.swift; sourceTree = "<group>"; };
		C9066D362545ADD000D1A055 /* Info.plist */ = {isa = PBXFileReference; lastKnownFileType = text.plist.xml; path = Info.plist; sourceTree = "<group>"; };
		C9066D3B2545ADD000D1A055 /* SearchMovUITests.xctest */ = {isa = PBXFileReference; explicitFileType = wrapper.cfbundle; includeInIndex = 0; path = SearchMovUITests.xctest; sourceTree = BUILT_PRODUCTS_DIR; };
		C9066D3F2545ADD000D1A055 /* SearchMovUITests.swift */ = {isa = PBXFileReference; lastKnownFileType = sourcecode.swift; path = SearchMovUITests.swift; sourceTree = "<group>"; };
		C9066D412545ADD000D1A055 /* Info.plist */ = {isa = PBXFileReference; lastKnownFileType = text.plist.xml; path = Info.plist; sourceTree = "<group>"; };
		C9066D502545B18100D1A055 /* DetailController.swift */ = {isa = PBXFileReference; lastKnownFileType = sourcecode.swift; path = DetailController.swift; sourceTree = "<group>"; };
		C9066D5E2545B32F00D1A055 /* NetworkManager.swift */ = {isa = PBXFileReference; lastKnownFileType = sourcecode.swift; path = NetworkManager.swift; sourceTree = "<group>"; };
		C9066D662545B35D00D1A055 /* ResponseModels.swift */ = {isa = PBXFileReference; lastKnownFileType = sourcecode.swift; path = ResponseModels.swift; sourceTree = "<group>"; };
		C9066D6E2545B4A400D1A055 /* ConnectionManager.swift */ = {isa = PBXFileReference; lastKnownFileType = sourcecode.swift; path = ConnectionManager.swift; sourceTree = "<group>"; };
		C9066D742545B78000D1A055 /* Extensions.swift */ = {isa = PBXFileReference; lastKnownFileType = sourcecode.swift; path = Extensions.swift; sourceTree = "<group>"; };
		C9066D7A2545B7DA00D1A055 /* SearchResultCell.swift */ = {isa = PBXFileReference; fileEncoding = 4; lastKnownFileType = sourcecode.swift; path = SearchResultCell.swift; sourceTree = "<group>"; };
		C9066D7F2545B7F800D1A055 /* SearchResultCell.xib */ = {isa = PBXFileReference; fileEncoding = 4; lastKnownFileType = file.xib; path = SearchResultCell.xib; sourceTree = "<group>"; };
/* End PBXFileReference section */

/* Begin PBXFrameworksBuildPhase section */
		C9066D172545ADCF00D1A055 /* Frameworks */ = {
			isa = PBXFrameworksBuildPhase;
			buildActionMask = 2147483647;
			files = (
			);
			runOnlyForDeploymentPostprocessing = 0;
		};
		C9066D2D2545ADD000D1A055 /* Frameworks */ = {
			isa = PBXFrameworksBuildPhase;
			buildActionMask = 2147483647;
			files = (
			);
			runOnlyForDeploymentPostprocessing = 0;
		};
		C9066D382545ADD000D1A055 /* Frameworks */ = {
			isa = PBXFrameworksBuildPhase;
			buildActionMask = 2147483647;
			files = (
			);
			runOnlyForDeploymentPostprocessing = 0;
		};
/* End PBXFrameworksBuildPhase section */

/* Begin PBXGroup section */
		C9066D112545ADCF00D1A055 = {
			isa = PBXGroup;
			children = (
				C9066D1C2545ADCF00D1A055 /* SearchMov */,
				C9066D332545ADD000D1A055 /* SearchMovTests */,
				C9066D3E2545ADD000D1A055 /* SearchMovUITests */,
				C9066D1B2545ADCF00D1A055 /* Products */,
			);
			sourceTree = "<group>";
		};
		C9066D1B2545ADCF00D1A055 /* Products */ = {
			isa = PBXGroup;
			children = (
				C9066D1A2545ADCF00D1A055 /* SearchMov.app */,
				C9066D302545ADD000D1A055 /* SearchMovTests.xctest */,
				C9066D3B2545ADD000D1A055 /* SearchMovUITests.xctest */,
			);
			name = Products;
			sourceTree = "<group>";
		};
		C9066D1C2545ADCF00D1A055 /* SearchMov */ = {
			isa = PBXGroup;
			children = (
				C9066D842545B93800D1A055 /* Storyboards */,
				C9066D792545B7C900D1A055 /* Compnents */,
				C9066D732545B75E00D1A055 /* Extensions */,
				C9066D5D2545B2F100D1A055 /* Network */,
				C9066D592545B1B300D1A055 /* ViewControllers */,
				C9066D582545B19B00D1A055 /* Delegates */,
				C9066D262545ADD000D1A055 /* Assets.xcassets */,
				C9066D2B2545ADD000D1A055 /* Info.plist */,
			);
			path = SearchMov;
			sourceTree = "<group>";
		};
		C9066D332545ADD000D1A055 /* SearchMovTests */ = {
			isa = PBXGroup;
			children = (
				C9066D342545ADD000D1A055 /* SearchMovTests.swift */,
				C9066D362545ADD000D1A055 /* Info.plist */,
			);
			path = SearchMovTests;
			sourceTree = "<group>";
		};
		C9066D3E2545ADD000D1A055 /* SearchMovUITests */ = {
			isa = PBXGroup;
			children = (
				C9066D3F2545ADD000D1A055 /* SearchMovUITests.swift */,
				C9066D412545ADD000D1A055 /* Info.plist */,
			);
			path = SearchMovUITests;
			sourceTree = "<group>";
		};
		C9066D582545B19B00D1A055 /* Delegates */ = {
			isa = PBXGroup;
			children = (
				C9066D1D2545ADCF00D1A055 /* AppDelegate.swift */,
				C9066D1F2545ADCF00D1A055 /* SceneDelegate.swift */,
			);
			path = Delegates;
			sourceTree = "<group>";
		};
		C9066D592545B1B300D1A055 /* ViewControllers */ = {
			isa = PBXGroup;
			children = (
				C9066D502545B18100D1A055 /* DetailController.swift */,
				C9066D212545ADCF00D1A055 /* SearchController.swift */,
			);
			path = ViewControllers;
			sourceTree = "<group>";
		};
		C9066D5D2545B2F100D1A055 /* Network */ = {
			isa = PBXGroup;
			children = (
				C9066D5E2545B32F00D1A055 /* NetworkManager.swift */,
				C9066D662545B35D00D1A055 /* ResponseModels.swift */,
				C9066D6E2545B4A400D1A055 /* ConnectionManager.swift */,
			);
			path = Network;
			sourceTree = "<group>";
		};
		C9066D732545B75E00D1A055 /* Extensions */ = {
			isa = PBXGroup;
			children = (
				C9066D742545B78000D1A055 /* Extensions.swift */,
			);
			path = Extensions;
			sourceTree = "<group>";
		};
		C9066D792545B7C900D1A055 /* Compnents */ = {
			isa = PBXGroup;
			children = (
				C9066D7A2545B7DA00D1A055 /* SearchResultCell.swift */,
			);
			path = Compnents;
			sourceTree = "<group>";
		};
		C9066D842545B93800D1A055 /* Storyboards */ = {
			isa = PBXGroup;
			children = (
				C9066D232545ADCF00D1A055 /* Main.storyboard */,
				C9066D282545ADD000D1A055 /* LaunchScreen.storyboard */,
				C9066D7F2545B7F800D1A055 /* SearchResultCell.xib */,
			);
			path = Storyboards;
			sourceTree = "<group>";
		};
/* End PBXGroup section */

/* Begin PBXNativeTarget section */
		C9066D192545ADCF00D1A055 /* SearchMov */ = {
			isa = PBXNativeTarget;
			buildConfigurationList = C9066D442545ADD000D1A055 /* Build configuration list for PBXNativeTarget "SearchMov" */;
			buildPhases = (
				C9066D162545ADCF00D1A055 /* Sources */,
				C9066D172545ADCF00D1A055 /* Frameworks */,
				C9066D182545ADCF00D1A055 /* Resources */,
			);
			buildRules = (
			);
			dependencies = (
			);
			name = SearchMov;
			productName = SearchMov;
			productReference = C9066D1A2545ADCF00D1A055 /* SearchMov.app */;
			productType = "com.apple.product-type.application";
		};
		C9066D2F2545ADD000D1A055 /* SearchMovTests */ = {
			isa = PBXNativeTarget;
			buildConfigurationList = C9066D472545ADD000D1A055 /* Build configuration list for PBXNativeTarget "SearchMovTests" */;
			buildPhases = (
				C9066D2C2545ADD000D1A055 /* Sources */,
				C9066D2D2545ADD000D1A055 /* Frameworks */,
				C9066D2E2545ADD000D1A055 /* Resources */,
			);
			buildRules = (
			);
			dependencies = (
				C9066D322545ADD000D1A055 /* PBXTargetDependency */,
			);
			name = SearchMovTests;
			productName = SearchMovTests;
			productReference = C9066D302545ADD000D1A055 /* SearchMovTests.xctest */;
			productType = "com.apple.product-type.bundle.unit-test";
		};
		C9066D3A2545ADD000D1A055 /* SearchMovUITests */ = {
			isa = PBXNativeTarget;
			buildConfigurationList = C9066D4A2545ADD000D1A055 /* Build configuration list for PBXNativeTarget "SearchMovUITests" */;
			buildPhases = (
				C9066D372545ADD000D1A055 /* Sources */,
				C9066D382545ADD000D1A055 /* Frameworks */,
				C9066D392545ADD000D1A055 /* Resources */,
			);
			buildRules = (
			);
			dependencies = (
				C9066D3D2545ADD000D1A055 /* PBXTargetDependency */,
			);
			name = SearchMovUITests;
			productName = SearchMovUITests;
			productReference = C9066D3B2545ADD000D1A055 /* SearchMovUITests.xctest */;
			productType = "com.apple.product-type.bundle.ui-testing";
		};
/* End PBXNativeTarget section */

/* Begin PBXProject section */
		C9066D122545ADCF00D1A055 /* Project object */ = {
			isa = PBXProject;
			attributes = {
				LastSwiftUpdateCheck = 1200;
				LastUpgradeCheck = 1200;
				TargetAttributes = {
					C9066D192545ADCF00D1A055 = {
						CreatedOnToolsVersion = 12.0.1;
					};
					C9066D2F2545ADD000D1A055 = {
						CreatedOnToolsVersion = 12.0.1;
						TestTargetID = C9066D192545ADCF00D1A055;
					};
					C9066D3A2545ADD000D1A055 = {
						CreatedOnToolsVersion = 12.0.1;
						TestTargetID = C9066D192545ADCF00D1A055;
					};
				};
			};
			buildConfigurationList = C9066D152545ADCF00D1A055 /* Build configuration list for PBXProject "SearchMov" */;
			compatibilityVersion = "Xcode 9.3";
			developmentRegion = en;
			hasScannedForEncodings = 0;
			knownRegions = (
				en,
				Base,
			);
			mainGroup = C9066D112545ADCF00D1A055;
			productRefGroup = C9066D1B2545ADCF00D1A055 /* Products */;
			projectDirPath = "";
			projectRoot = "";
			targets = (
				C9066D192545ADCF00D1A055 /* SearchMov */,
				C9066D2F2545ADD000D1A055 /* SearchMovTests */,
				C9066D3A2545ADD000D1A055 /* SearchMovUITests */,
			);
		};
/* End PBXProject section */

/* Begin PBXResourcesBuildPhase section */
		C9066D182545ADCF00D1A055 /* Resources */ = {
			isa = PBXResourcesBuildPhase;
			buildActionMask = 2147483647;
			files = (
				C9066D2A2545ADD000D1A055 /* LaunchScreen.storyboard in Resources */,
				C9066D272545ADD000D1A055 /* Assets.xcassets in Resources */,
				C9066D802545B7F800D1A055 /* SearchResultCell.xib in Resources */,
				C9066D252545ADCF00D1A055 /* Main.storyboard in Resources */,
			);
			runOnlyForDeploymentPostprocessing = 0;
		};
		C9066D2E2545ADD000D1A055 /* Resources */ = {
			isa = PBXResourcesBuildPhase;
			buildActionMask = 2147483647;
			files = (
			);
			runOnlyForDeploymentPostprocessing = 0;
		};
		C9066D392545ADD000D1A055 /* Resources */ = {
			isa = PBXResourcesBuildPhase;
			buildActionMask = 2147483647;
			files = (
			);
			runOnlyForDeploymentPostprocessing = 0;
		};
/* End PBXResourcesBuildPhase section */

/* Begin PBXSourcesBuildPhase section */
		C9066D162545ADCF00D1A055 /* Sources */ = {
			isa = PBXSourcesBuildPhase;
			buildActionMask = 2147483647;
			files = (
				C9066D512545B18100D1A055 /* DetailController.swift in Sources */,
				C9066D222545ADCF00D1A055 /* SearchController.swift in Sources */,
				C9066D5F2545B32F00D1A055 /* NetworkManager.swift in Sources */,
				C9066D752545B78000D1A055 /* Extensions.swift in Sources */,
				C9066D6F2545B4A400D1A055 /* ConnectionManager.swift in Sources */,
				C9066D672545B35D00D1A055 /* ResponseModels.swift in Sources */,
				C9066D1E2545ADCF00D1A055 /* AppDelegate.swift in Sources */,
				C9066D7B2545B7DA00D1A055 /* SearchResultCell.swift in Sources */,
				C9066D202545ADCF00D1A055 /* SceneDelegate.swift in Sources */,
			);
			runOnlyForDeploymentPostprocessing = 0;
		};
		C9066D2C2545ADD000D1A055 /* Sources */ = {
			isa = PBXSourcesBuildPhase;
			buildActionMask = 2147483647;
			files = (
				C9066D352545ADD000D1A055 /* SearchMovTests.swift in Sources */,
			);
			runOnlyForDeploymentPostprocessing = 0;
		};
		C9066D372545ADD000D1A055 /* Sources */ = {
			isa = PBXSourcesBuildPhase;
			buildActionMask = 2147483647;
			files = (
				C9066D402545ADD000D1A055 /* SearchMovUITests.swift in Sources */,
			);
			runOnlyForDeploymentPostprocessing = 0;
		};
/* End PBXSourcesBuildPhase section */

/* Begin PBXTargetDependency section */
		C9066D322545ADD000D1A055 /* PBXTargetDependency */ = {
			isa = PBXTargetDependency;
			target = C9066D192545ADCF00D1A055 /* SearchMov */;
			targetProxy = C9066D312545ADD000D1A055 /* PBXContainerItemProxy */;
		};
		C9066D3D2545ADD000D1A055 /* PBXTargetDependency */ = {
			isa = PBXTargetDependency;
			target = C9066D192545ADCF00D1A055 /* SearchMov */;
			targetProxy = C9066D3C2545ADD000D1A055 /* PBXContainerItemProxy */;
		};
/* End PBXTargetDependency section */

/* Begin PBXVariantGroup section */
		C9066D232545ADCF00D1A055 /* Main.storyboard */ = {
			isa = PBXVariantGroup;
			children = (
				C9066D242545ADCF00D1A055 /* Base */,
			);
			name = Main.storyboard;
			sourceTree = "<group>";
		};
		C9066D282545ADD000D1A055 /* LaunchScreen.storyboard */ = {
			isa = PBXVariantGroup;
			children = (
				C9066D292545ADD000D1A055 /* Base */,
			);
			name = LaunchScreen.storyboard;
			sourceTree = "<group>";
		};
/* End PBXVariantGroup section */

/* Begin XCBuildConfiguration section */
		C9066D422545ADD000D1A055 /* Debug */ = {
			isa = XCBuildConfiguration;
			buildSettings = {
				ALWAYS_SEARCH_USER_PATHS = NO;
				CLANG_ANALYZER_NONNULL = YES;
				CLANG_ANALYZER_NUMBER_OBJECT_CONVERSION = YES_AGGRESSIVE;
				CLANG_CXX_LANGUAGE_STANDARD = "gnu++14";
				CLANG_CXX_LIBRARY = "libc++";
				CLANG_ENABLE_MODULES = YES;
				CLANG_ENABLE_OBJC_ARC = YES;
				CLANG_ENABLE_OBJC_WEAK = YES;
				CLANG_WARN_BLOCK_CAPTURE_AUTORELEASING = YES;
				CLANG_WARN_BOOL_CONVERSION = YES;
				CLANG_WARN_COMMA = YES;
				CLANG_WARN_CONSTANT_CONVERSION = YES;
				CLANG_WARN_DEPRECATED_OBJC_IMPLEMENTATIONS = YES;
				CLANG_WARN_DIRECT_OBJC_ISA_USAGE = YES_ERROR;
				CLANG_WARN_DOCUMENTATION_COMMENTS = YES;
				CLANG_WARN_EMPTY_BODY = YES;
				CLANG_WARN_ENUM_CONVERSION = YES;
				CLANG_WARN_INFINITE_RECURSION = YES;
				CLANG_WARN_INT_CONVERSION = YES;
				CLANG_WARN_NON_LITERAL_NULL_CONVERSION = YES;
				CLANG_WARN_OBJC_IMPLICIT_RETAIN_SELF = YES;
				CLANG_WARN_OBJC_LITERAL_CONVERSION = YES;
				CLANG_WARN_OBJC_ROOT_CLASS = YES_ERROR;
				CLANG_WARN_QUOTED_INCLUDE_IN_FRAMEWORK_HEADER = YES;
				CLANG_WARN_RANGE_LOOP_ANALYSIS = YES;
				CLANG_WARN_STRICT_PROTOTYPES = YES;
				CLANG_WARN_SUSPICIOUS_MOVE = YES;
				CLANG_WARN_UNGUARDED_AVAILABILITY = YES_AGGRESSIVE;
				CLANG_WARN_UNREACHABLE_CODE = YES;
				CLANG_WARN__DUPLICATE_METHOD_MATCH = YES;
				COPY_PHASE_STRIP = NO;
				DEBUG_INFORMATION_FORMAT = dwarf;
				ENABLE_STRICT_OBJC_MSGSEND = YES;
				ENABLE_TESTABILITY = YES;
				GCC_C_LANGUAGE_STANDARD = gnu11;
				GCC_DYNAMIC_NO_PIC = NO;
				GCC_NO_COMMON_BLOCKS = YES;
				GCC_OPTIMIZATION_LEVEL = 0;
				GCC_PREPROCESSOR_DEFINITIONS = (
					"DEBUG=1",
					"$(inherited)",
				);
				GCC_WARN_64_TO_32_BIT_CONVERSION = YES;
				GCC_WARN_ABOUT_RETURN_TYPE = YES_ERROR;
				GCC_WARN_UNDECLARED_SELECTOR = YES;
				GCC_WARN_UNINITIALIZED_AUTOS = YES_AGGRESSIVE;
				GCC_WARN_UNUSED_FUNCTION = YES;
				GCC_WARN_UNUSED_VARIABLE = YES;
				IPHONEOS_DEPLOYMENT_TARGET = 14.0;
				MTL_ENABLE_DEBUG_INFO = INCLUDE_SOURCE;
				MTL_FAST_MATH = YES;
				ONLY_ACTIVE_ARCH = YES;
				SDKROOT = iphoneos;
				SWIFT_ACTIVE_COMPILATION_CONDITIONS = DEBUG;
				SWIFT_OPTIMIZATION_LEVEL = "-Onone";
			};
			name = Debug;
		};
		C9066D432545ADD000D1A055 /* Release */ = {
			isa = XCBuildConfiguration;
			buildSettings = {
				ALWAYS_SEARCH_USER_PATHS = NO;
				CLANG_ANALYZER_NONNULL = YES;
				CLANG_ANALYZER_NUMBER_OBJECT_CONVERSION = YES_AGGRESSIVE;
				CLANG_CXX_LANGUAGE_STANDARD = "gnu++14";
				CLANG_CXX_LIBRARY = "libc++";
				CLANG_ENABLE_MODULES = YES;
				CLANG_ENABLE_OBJC_ARC = YES;
				CLANG_ENABLE_OBJC_WEAK = YES;
				CLANG_WARN_BLOCK_CAPTURE_AUTORELEASING = YES;
				CLANG_WARN_BOOL_CONVERSION = YES;
				CLANG_WARN_COMMA = YES;
				CLANG_WARN_CONSTANT_CONVERSION = YES;
				CLANG_WARN_DEPRECATED_OBJC_IMPLEMENTATIONS = YES;
				CLANG_WARN_DIRECT_OBJC_ISA_USAGE = YES_ERROR;
				CLANG_WARN_DOCUMENTATION_COMMENTS = YES;
				CLANG_WARN_EMPTY_BODY = YES;
				CLANG_WARN_ENUM_CONVERSION = YES;
				CLANG_WARN_INFINITE_RECURSION = YES;
				CLANG_WARN_INT_CONVERSION = YES;
				CLANG_WARN_NON_LITERAL_NULL_CONVERSION = YES;
				CLANG_WARN_OBJC_IMPLICIT_RETAIN_SELF = YES;
				CLANG_WARN_OBJC_LITERAL_CONVERSION = YES;
				CLANG_WARN_OBJC_ROOT_CLASS = YES_ERROR;
				CLANG_WARN_QUOTED_INCLUDE_IN_FRAMEWORK_HEADER = YES;
				CLANG_WARN_RANGE_LOOP_ANALYSIS = YES;
				CLANG_WARN_STRICT_PROTOTYPES = YES;
				CLANG_WARN_SUSPICIOUS_MOVE = YES;
				CLANG_WARN_UNGUARDED_AVAILABILITY = YES_AGGRESSIVE;
				CLANG_WARN_UNREACHABLE_CODE = YES;
				CLANG_WARN__DUPLICATE_METHOD_MATCH = YES;
				COPY_PHASE_STRIP = NO;
				DEBUG_INFORMATION_FORMAT = "dwarf-with-dsym";
				ENABLE_NS_ASSERTIONS = NO;
				ENABLE_STRICT_OBJC_MSGSEND = YES;
				GCC_C_LANGUAGE_STANDARD = gnu11;
				GCC_NO_COMMON_BLOCKS = YES;
				GCC_WARN_64_TO_32_BIT_CONVERSION = YES;
				GCC_WARN_ABOUT_RETURN_TYPE = YES_ERROR;
				GCC_WARN_UNDECLARED_SELECTOR = YES;
				GCC_WARN_UNINITIALIZED_AUTOS = YES_AGGRESSIVE;
				GCC_WARN_UNUSED_FUNCTION = YES;
				GCC_WARN_UNUSED_VARIABLE = YES;
				IPHONEOS_DEPLOYMENT_TARGET = 14.0;
				MTL_ENABLE_DEBUG_INFO = NO;
				MTL_FAST_MATH = YES;
				SDKROOT = iphoneos;
				SWIFT_COMPILATION_MODE = wholemodule;
				SWIFT_OPTIMIZATION_LEVEL = "-O";
				VALIDATE_PRODUCT = YES;
			};
			name = Release;
		};
		C9066D452545ADD000D1A055 /* Debug */ = {
			isa = XCBuildConfiguration;
			buildSettings = {
				ASSETCATALOG_COMPILER_APPICON_NAME = AppIcon;
				ASSETCATALOG_COMPILER_GLOBAL_ACCENT_COLOR_NAME = AccentColor;
				CODE_SIGN_STYLE = Automatic;
				DEVELOPMENT_TEAM = 7V5V5KFR83;
				INFOPLIST_FILE = SearchMov/Info.plist;
				LD_RUNPATH_SEARCH_PATHS = (
					"$(inherited)",
					"@executable_path/Frameworks",
				);
				PRODUCT_BUNDLE_IDENTIFIER = com.tomodev.netsellsmovie.SearchMov;
				PRODUCT_NAME = "$(TARGET_NAME)";
				SWIFT_VERSION = 5.0;
				TARGETED_DEVICE_FAMILY = "1,2";
			};
			name = Debug;
		};
		C9066D462545ADD000D1A055 /* Release */ = {
			isa = XCBuildConfiguration;
			buildSettings = {
				ASSETCATALOG_COMPILER_APPICON_NAME = AppIcon;
				ASSETCATALOG_COMPILER_GLOBAL_ACCENT_COLOR_NAME = AccentColor;
				CODE_SIGN_STYLE = Automatic;
				DEVELOPMENT_TEAM = 7V5V5KFR83;
				INFOPLIST_FILE = SearchMov/Info.plist;
				LD_RUNPATH_SEARCH_PATHS = (
					"$(inherited)",
					"@executable_path/Frameworks",
				);
				PRODUCT_BUNDLE_IDENTIFIER = com.tomodev.netsellsmovie.SearchMov;
				PRODUCT_NAME = "$(TARGET_NAME)";
				SWIFT_VERSION = 5.0;
				TARGETED_DEVICE_FAMILY = "1,2";
			};
			name = Release;
		};
		C9066D482545ADD000D1A055 /* Debug */ = {
			isa = XCBuildConfiguration;
			buildSettings = {
				ALWAYS_EMBED_SWIFT_STANDARD_LIBRARIES = YES;
				BUNDLE_LOADER = "$(TEST_HOST)";
				CODE_SIGN_STYLE = Automatic;
				DEVELOPMENT_TEAM = 7V5V5KFR83;
				INFOPLIST_FILE = SearchMovTests/Info.plist;
				IPHONEOS_DEPLOYMENT_TARGET = 14.0;
				LD_RUNPATH_SEARCH_PATHS = (
					"$(inherited)",
					"@executable_path/Frameworks",
					"@loader_path/Frameworks",
				);
				PRODUCT_BUNDLE_IDENTIFIER = com.tomodev.netsellsmovie.SearchMovTests;
				PRODUCT_NAME = "$(TARGET_NAME)";
				SWIFT_VERSION = 5.0;
				TARGETED_DEVICE_FAMILY = "1,2";
				TEST_HOST = "$(BUILT_PRODUCTS_DIR)/SearchMov.app/SearchMov";
			};
			name = Debug;
		};
		C9066D492545ADD000D1A055 /* Release */ = {
			isa = XCBuildConfiguration;
			buildSettings = {
				ALWAYS_EMBED_SWIFT_STANDARD_LIBRARIES = YES;
				BUNDLE_LOADER = "$(TEST_HOST)";
				CODE_SIGN_STYLE = Automatic;
				DEVELOPMENT_TEAM = 7V5V5KFR83;
				INFOPLIST_FILE = SearchMovTests/Info.plist;
				IPHONEOS_DEPLOYMENT_TARGET = 14.0;
				LD_RUNPATH_SEARCH_PATHS = (
					"$(inherited)",
					"@executable_path/Frameworks",
					"@loader_path/Frameworks",
				);
				PRODUCT_BUNDLE_IDENTIFIER = com.tomodev.netsellsmovie.SearchMovTests;
				PRODUCT_NAME = "$(TARGET_NAME)";
				SWIFT_VERSION = 5.0;
				TARGETED_DEVICE_FAMILY = "1,2";
				TEST_HOST = "$(BUILT_PRODUCTS_DIR)/SearchMov.app/SearchMov";
			};
			name = Release;
		};
		C9066D4B2545ADD000D1A055 /* Debug */ = {
			isa = XCBuildConfiguration;
			buildSettings = {
				ALWAYS_EMBED_SWIFT_STANDARD_LIBRARIES = YES;
				CODE_SIGN_STYLE = Automatic;
				DEVELOPMENT_TEAM = 7V5V5KFR83;
				INFOPLIST_FILE = SearchMovUITests/Info.plist;
				LD_RUNPATH_SEARCH_PATHS = (
					"$(inherited)",
					"@executable_path/Frameworks",
					"@loader_path/Frameworks",
				);
				PRODUCT_BUNDLE_IDENTIFIER = com.tomodev.netsellsmovie.SearchMovUITests;
				PRODUCT_NAME = "$(TARGET_NAME)";
				SWIFT_VERSION = 5.0;
				TARGETED_DEVICE_FAMILY = "1,2";
				TEST_TARGET_NAME = SearchMov;
			};
			name = Debug;
		};
		C9066D4C2545ADD000D1A055 /* Release */ = {
			isa = XCBuildConfiguration;
			buildSettings = {
				ALWAYS_EMBED_SWIFT_STANDARD_LIBRARIES = YES;
				CODE_SIGN_STYLE = Automatic;
				DEVELOPMENT_TEAM = 7V5V5KFR83;
				INFOPLIST_FILE = SearchMovUITests/Info.plist;
				LD_RUNPATH_SEARCH_PATHS = (
					"$(inherited)",
					"@executable_path/Frameworks",
					"@loader_path/Frameworks",
				);
				PRODUCT_BUNDLE_IDENTIFIER = com.tomodev.netsellsmovie.SearchMovUITests;
				PRODUCT_NAME = "$(TARGET_NAME)";
				SWIFT_VERSION = 5.0;
				TARGETED_DEVICE_FAMILY = "1,2";
				TEST_TARGET_NAME = SearchMov;
			};
			name = Release;
		};
/* End XCBuildConfiguration section */

/* Begin XCConfigurationList section */
		C9066D152545ADCF00D1A055 /* Build configuration list for PBXProject "SearchMov" */ = {
			isa = XCConfigurationList;
			buildConfigurations = (
				C9066D422545ADD000D1A055 /* Debug */,
				C9066D432545ADD000D1A055 /* Release */,
			);
			defaultConfigurationIsVisible = 0;
			defaultConfigurationName = Release;
		};
		C9066D442545ADD000D1A055 /* Build configuration list for PBXNativeTarget "SearchMov" */ = {
			isa = XCConfigurationList;
			buildConfigurations = (
				C9066D452545ADD000D1A055 /* Debug */,
				C9066D462545ADD000D1A055 /* Release */,
			);
			defaultConfigurationIsVisible = 0;
			defaultConfigurationName = Release;
		};
		C9066D472545ADD000D1A055 /* Build configuration list for PBXNativeTarget "SearchMovTests" */ = {
			isa = XCConfigurationList;
			buildConfigurations = (
				C9066D482545ADD000D1A055 /* Debug */,
				C9066D492545ADD000D1A055 /* Release */,
			);
			defaultConfigurationIsVisible = 0;
			defaultConfigurationName = Release;
		};
		C9066D4A2545ADD000D1A055 /* Build configuration list for PBXNativeTarget "SearchMovUITests" */ = {
			isa = XCConfigurationList;
			buildConfigurations = (
				C9066D4B2545ADD000D1A055 /* Debug */,
				C9066D4C2545ADD000D1A055 /* Release */,
			);
			defaultConfigurationIsVisible = 0;
			defaultConfigurationName = Release;
		};
/* End XCConfigurationList section */
	};
	rootObject = C9066D122545ADCF00D1A055 /* Project object */;
}
